
Microsoft Visual Studio Solution File, Format Version 12.00
# Visual Studio Version 16
VisualStudioVersion = 16.0.30225.117
MinimumVisualStudioVersion = 10.0.40219.1
Project("{FAE04EC0-301F-11D3-BF4B-00C04F79EFBC}") = "PIGMA", "PIGMA\PIGMA.csproj", "{F48152B6-F96F-4437-850F-DA929929870A}"
EndProject
Global
	GlobalSection(SolutionConfigurationPlatforms) = preSolution
		Debug|Any CPU = Debug|Any CPU
		Release|Any CPU = Release|Any CPU
	EndGlobalSection
	GlobalSection(ProjectConfigurationPlatforms) = postSolution
		{F48152B6-F96F-4437-850F-DA929929870A}.Debug|Any CPU.ActiveCfg = Debug|Any CPU
		{F48152B6-F96F-4437-850F-DA929929870A}.Debug|Any CPU.Build.0 = Debug|Any CPU
		{F48152B6-F96F-4437-850F-DA929929870A}.Release|Any CPU.ActiveCfg = Release|Any CPU
		{F48152B6-F96F-4437-850F-DA929929870A}.Release|Any CPU.Build.0 = Release|Any CPU
	EndGlobalSection
	GlobalSection(SolutionProperties) = preSolution
		HideSolutionNode = FALSE
	EndGlobalSection
	GlobalSection(ExtensibilityGlobals) = postSolution
		SolutionGuid = {30323DAA-6676-4FF5-A46D-C2CB968F2659}
	EndGlobalSection
EndGlobal
